
Microsoft Visual Studio Solution File, Format Version 12.00
# Visual Studio Version 17
VisualStudioVersion = 17.10.35122.118
MinimumVisualStudioVersion = 10.0.40219.1
Project("{FAE04EC0-301F-11D3-BF4B-00C04F79EFBC}") = "ApiRestFull_Employees", "ApiRestFull_Employees.csproj", "{C3AB3484-33DE-44FD-A5B3-DA5F76FFB88A}"
EndProject
Global
	GlobalSection(SolutionConfigurationPlatforms) = preSolution
		Debug|Any CPU = Debug|Any CPU
		Release|Any CPU = Release|Any CPU
	EndGlobalSection
	GlobalSection(ProjectConfigurationPlatforms) = postSolution
		{C3AB3484-33DE-44FD-A5B3-DA5F76FFB88A}.Debug|Any CPU.ActiveCfg = Debug|Any CPU
		{C3AB3484-33DE-44FD-A5B3-DA5F76FFB88A}.Debug|Any CPU.Build.0 = Debug|Any CPU
		{C3AB3484-33DE-44FD-A5B3-DA5F76FFB88A}.Release|Any CPU.ActiveCfg = Release|Any CPU
		{C3AB3484-33DE-44FD-A5B3-DA5F76FFB88A}.Release|Any CPU.Build.0 = Release|Any CPU
	EndGlobalSection
	GlobalSection(SolutionProperties) = preSolution
		HideSolutionNode = FALSE
	EndGlobalSection
	GlobalSection(ExtensibilityGlobals) = postSolution
		SolutionGuid = {5FBC3E3A-C5E0-4376-A027-8A1676BD9F8B}
	EndGlobalSection
EndGlobal
